
Microsoft Visual Studio Solution File, Format Version 12.00
# Visual Studio Version 16
VisualStudioVersion = 16.0.29123.88
MinimumVisualStudioVersion = 10.0.40219.1
Project("{FAE04EC0-301F-11D3-BF4B-00C04F79EFBC}") = "LingoBingoGen", "LingoBingoGen\LingoBingoGen.csproj", "{5658B0CE-C003-4891-9550-F0154A341E23}"
EndProject
Project("{FAE04EC0-301F-11D3-BF4B-00C04F79EFBC}") = "BingoBoardAppUI", "BingoBoardAppUI\BingoBoardAppUI.csproj", "{58E526A4-BC51-4433-9EAC-4E4BEB8243C0}"
EndProject
Project("{FAE04EC0-301F-11D3-BF4B-00C04F79EFBC}") = "ConsoleUI", "ConsoleUI\ConsoleUI.csproj", "{90B166A6-DD63-421C-8375-8B2F370F20B9}"
EndProject
Project("{FAE04EC0-301F-11D3-BF4B-00C04F79EFBC}") = "WindowsFormsUI", "WindowsFormsUI\WindowsFormsUI.csproj", "{67EA50EA-7767-4234-B2EB-84B2A0F40CAC}"
EndProject
Project("{FAE04EC0-301F-11D3-BF4B-00C04F79EFBC}") = "LingoBingoGenerator", "LingoBingoGenerator\LingoBingoGenerator.csproj", "{E671CFB7-630F-404D-8B0E-A94D8BE4F02D}"
EndProject
Project("{FAE04EC0-301F-11D3-BF4B-00C04F79EFBC}") = "FileManagementHelper", "FileManagementHelper\FileManagementHelper.csproj", "{E209C750-65C6-48CE-8EF0-62FEFD7951FF}"
EndProject
Project("{FAE04EC0-301F-11D3-BF4B-00C04F79EFBC}") = "UnitTester", "UnitTester\UnitTester.csproj", "{AA37DCC1-86C0-40E5-B612-19027F590099}"
EndProject
Global
	GlobalSection(SolutionConfigurationPlatforms) = preSolution
		Debug|Any CPU = Debug|Any CPU
		Release|Any CPU = Release|Any CPU
	EndGlobalSection
	GlobalSection(ProjectConfigurationPlatforms) = postSolution
		{5658B0CE-C003-4891-9550-F0154A341E23}.Debug|Any CPU.ActiveCfg = Debug|Any CPU
		{5658B0CE-C003-4891-9550-F0154A341E23}.Debug|Any CPU.Build.0 = Debug|Any CPU
		{5658B0CE-C003-4891-9550-F0154A341E23}.Release|Any CPU.ActiveCfg = Release|Any CPU
		{5658B0CE-C003-4891-9550-F0154A341E23}.Release|Any CPU.Build.0 = Release|Any CPU
		{58E526A4-BC51-4433-9EAC-4E4BEB8243C0}.Debug|Any CPU.ActiveCfg = Debug|Any CPU
		{58E526A4-BC51-4433-9EAC-4E4BEB8243C0}.Debug|Any CPU.Build.0 = Debug|Any CPU
		{58E526A4-BC51-4433-9EAC-4E4BEB8243C0}.Release|Any CPU.ActiveCfg = Release|Any CPU
		{58E526A4-BC51-4433-9EAC-4E4BEB8243C0}.Release|Any CPU.Build.0 = Release|Any CPU
		{90B166A6-DD63-421C-8375-8B2F370F20B9}.Debug|Any CPU.ActiveCfg = Debug|Any CPU
		{90B166A6-DD63-421C-8375-8B2F370F20B9}.Debug|Any CPU.Build.0 = Debug|Any CPU
		{90B166A6-DD63-421C-8375-8B2F370F20B9}.Release|Any CPU.ActiveCfg = Release|Any CPU
		{90B166A6-DD63-421C-8375-8B2F370F20B9}.Release|Any CPU.Build.0 = Release|Any CPU
		{67EA50EA-7767-4234-B2EB-84B2A0F40CAC}.Debug|Any CPU.ActiveCfg = Debug|Any CPU
		{67EA50EA-7767-4234-B2EB-84B2A0F40CAC}.Debug|Any CPU.Build.0 = Debug|Any CPU
		{67EA50EA-7767-4234-B2EB-84B2A0F40CAC}.Release|Any CPU.ActiveCfg = Release|Any CPU
		{67EA50EA-7767-4234-B2EB-84B2A0F40CAC}.Release|Any CPU.Build.0 = Release|Any CPU
		{E671CFB7-630F-404D-8B0E-A94D8BE4F02D}.Debug|Any CPU.ActiveCfg = Debug|Any CPU
		{E671CFB7-630F-404D-8B0E-A94D8BE4F02D}.Debug|Any CPU.Build.0 = Debug|Any CPU
		{E671CFB7-630F-404D-8B0E-A94D8BE4F02D}.Release|Any CPU.ActiveCfg = Release|Any CPU
		{E671CFB7-630F-404D-8B0E-A94D8BE4F02D}.Release|Any CPU.Build.0 = Release|Any CPU
		{E209C750-65C6-48CE-8EF0-62FEFD7951FF}.Debug|Any CPU.ActiveCfg = Debug|Any CPU
		{E209C750-65C6-48CE-8EF0-62FEFD7951FF}.Debug|Any CPU.Build.0 = Debug|Any CPU
		{E209C750-65C6-48CE-8EF0-62FEFD7951FF}.Release|Any CPU.ActiveCfg = Release|Any CPU
		{E209C750-65C6-48CE-8EF0-62FEFD7951FF}.Release|Any CPU.Build.0 = Release|Any CPU
		{AA37DCC1-86C0-40E5-B612-19027F590099}.Debug|Any CPU.ActiveCfg = Debug|Any CPU
		{AA37DCC1-86C0-40E5-B612-19027F590099}.Debug|Any CPU.Build.0 = Debug|Any CPU
		{AA37DCC1-86C0-40E5-B612-19027F590099}.Release|Any CPU.ActiveCfg = Release|Any CPU
		{AA37DCC1-86C0-40E5-B612-19027F590099}.Release|Any CPU.Build.0 = Release|Any CPU
	EndGlobalSection
	GlobalSection(SolutionProperties) = preSolution
		HideSolutionNode = FALSE
	EndGlobalSection
	GlobalSection(ExtensibilityGlobals) = postSolution
		SolutionGuid = {F57CC7B2-D005-4DF4-8B6E-C4C9964584B5}
	EndGlobalSection
EndGlobal
